// !$*UTF8*$!
{
	archiveVersion = 1;
	classes = {
	};
	objectVersion = 48;
	objects = {

/* Begin PBXBuildFile section */
		CE066ED6220F3FD20057E7D4 /* AppDelegate.swift in Sources */ = {isa = PBXBuildFile; fileRef = CE066ED5220F3FD20057E7D4 /* AppDelegate.swift */; };
		CE066ED8220F3FD20057E7D4 /* ViewController.swift in Sources */ = {isa = PBXBuildFile; fileRef = CE066ED7220F3FD20057E7D4 /* ViewController.swift */; };
		CE066EDB220F3FD20057E7D4 /* Main.storyboard in Resources */ = {isa = PBXBuildFile; fileRef = CE066ED9220F3FD20057E7D4 /* Main.storyboard */; };
		CE066EDD220F3FD20057E7D4 /* Assets.xcassets in Resources */ = {isa = PBXBuildFile; fileRef = CE066EDC220F3FD20057E7D4 /* Assets.xcassets */; };
		CE066EE0220F3FD20057E7D4 /* LaunchScreen.storyboard in Resources */ = {isa = PBXBuildFile; fileRef = CE066EDE220F3FD20057E7D4 /* LaunchScreen.storyboard */; };
		CE066EEB220F3FD20057E7D4 /* ArchivosPdfTests.swift in Sources */ = {isa = PBXBuildFile; fileRef = CE066EEA220F3FD20057E7D4 /* ArchivosPdfTests.swift */; };
		CE066EF6220F3FD20057E7D4 /* ArchivosPdfUITests.swift in Sources */ = {isa = PBXBuildFile; fileRef = CE066EF5220F3FD20057E7D4 /* ArchivosPdfUITests.swift */; };
		CE066F06220F5A350057E7D4 /* Vista3ViewController.swift in Sources */ = {isa = PBXBuildFile; fileRef = CE066F05220F5A350057E7D4 /* Vista3ViewController.swift */; };
		CE2152B02228526500814C20 /* Celda.swift in Sources */ = {isa = PBXBuildFile; fileRef = CE2152AF2228526500814C20 /* Celda.swift */; };
/* End PBXBuildFile section */

/* Begin PBXContainerItemProxy section */
		CE066EE7220F3FD20057E7D4 /* PBXContainerItemProxy */ = {
			isa = PBXContainerItemProxy;
			containerPortal = CE066ECA220F3FD10057E7D4 /* Project object */;
			proxyType = 1;
			remoteGlobalIDString = CE066ED1220F3FD10057E7D4;
			remoteInfo = ArchivosPdf;
		};
		CE066EF2220F3FD20057E7D4 /* PBXContainerItemProxy */ = {
			isa = PBXContainerItemProxy;
			containerPortal = CE066ECA220F3FD10057E7D4 /* Project object */;
			proxyType = 1;
			remoteGlobalIDString = CE066ED1220F3FD10057E7D4;
			remoteInfo = ArchivosPdf;
		};
/* End PBXContainerItemProxy section */

/* Begin PBXFileReference section */
		65749A3F22A707A50013428C /* 3 Estados y Metodos de Hilos en Java.pdf */ = {isa = PBXFileReference; lastKnownFileType = image.pdf; name = "3 Estados y Metodos de Hilos en Java.pdf"; path = "../../../../../Downloads/3 Estados y Metodos de Hilos en Java.pdf"; sourceTree = "<group>"; };
		65749A4022A707B30013428C /* 5_Hilos_en_Android.pdf */ = {isa = PBXFileReference; lastKnownFileType = image.pdf; path = 5_Hilos_en_Android.pdf; sourceTree = "<group>"; };
		65749A4122A707B70013428C /* 12_Sockets.pdf */ = {isa = PBXFileReference; lastKnownFileType = image.pdf; path = 12_Sockets.pdf; sourceTree = "<group>"; };
		CE066ED2220F3FD20057E7D4 /* ArchivosPdf.app */ = {isa = PBXFileReference; explicitFileType = wrapper.application; includeInIndex = 0; path = ArchivosPdf.app; sourceTree = BUILT_PRODUCTS_DIR; };
		CE066ED5220F3FD20057E7D4 /* AppDelegate.swift */ = {isa = PBXFileReference; lastKnownFileType = sourcecode.swift; path = AppDelegate.swift; sourceTree = "<group>"; };
		CE066ED7220F3FD20057E7D4 /* ViewController.swift */ = {isa = PBXFileReference; lastKnownFileType = sourcecode.swift; path = ViewController.swift; sourceTree = "<group>"; };
		CE066EDA220F3FD20057E7D4 /* Base */ = {isa = PBXFileReference; lastKnownFileType = file.storyboard; name = Base; path = Base.lproj/Main.storyboard; sourceTree = "<group>"; };
		CE066EDC220F3FD20057E7D4 /* Assets.xcassets */ = {isa = PBXFileReference; lastKnownFileType = folder.assetcatalog; path = Assets.xcassets; sourceTree = "<group>"; };
		CE066EDF220F3FD20057E7D4 /* Base */ = {isa = PBXFileReference; lastKnownFileType = file.storyboard; name = Base; path = Base.lproj/LaunchScreen.storyboard; sourceTree = "<group>"; };
		CE066EE1220F3FD20057E7D4 /* Info.plist */ = {isa = PBXFileReference; lastKnownFileType = text.plist.xml; path = Info.plist; sourceTree = "<group>"; };
		CE066EE6220F3FD20057E7D4 /* ArchivosPdfTests.xctest */ = {isa = PBXFileReference; explicitFileType = wrapper.cfbundle; includeInIndex = 0; path = ArchivosPdfTests.xctest; sourceTree = BUILT_PRODUCTS_DIR; };
		CE066EEA220F3FD20057E7D4 /* ArchivosPdfTests.swift */ = {isa = PBXFileReference; lastKnownFileType = sourcecode.swift; path = ArchivosPdfTests.swift; sourceTree = "<group>"; };
		CE066EEC220F3FD20057E7D4 /* Info.plist */ = {isa = PBXFileReference; lastKnownFileType = text.plist.xml; path = Info.plist; sourceTree = "<group>"; };
		CE066EF1220F3FD20057E7D4 /* ArchivosPdfUITests.xctest */ = {isa = PBXFileReference; explicitFileType = wrapper.cfbundle; includeInIndex = 0; path = ArchivosPdfUITests.xctest; sourceTree = BUILT_PRODUCTS_DIR; };
		CE066EF5220F3FD20057E7D4 /* ArchivosPdfUITests.swift */ = {isa = PBXFileReference; lastKnownFileType = sourcecode.swift; path = ArchivosPdfUITests.swift; sourceTree = "<group>"; };
		CE066EF7220F3FD30057E7D4 /* Info.plist */ = {isa = PBXFileReference; lastKnownFileType = text.plist.xml; path = Info.plist; sourceTree = "<group>"; };
		CE066F05220F5A350057E7D4 /* Vista3ViewController.swift */ = {isa = PBXFileReference; lastKnownFileType = sourcecode.swift; path = Vista3ViewController.swift; sourceTree = "<group>"; };
		CE2152AF2228526500814C20 /* Celda.swift */ = {isa = PBXFileReference; lastKnownFileType = sourcecode.swift; path = Celda.swift; sourceTree = "<group>"; };
/* End PBXFileReference section */

/* Begin PBXFrameworksBuildPhase section */
		CE066ECF220F3FD10057E7D4 /* Frameworks */ = {
			isa = PBXFrameworksBuildPhase;
			buildActionMask = 2147483647;
			files = (
			);
			runOnlyForDeploymentPostprocessing = 0;
		};
		CE066EE3220F3FD20057E7D4 /* Frameworks */ = {
			isa = PBXFrameworksBuildPhase;
			buildActionMask = 2147483647;
			files = (
			);
			runOnlyForDeploymentPostprocessing = 0;
		};
		CE066EEE220F3FD20057E7D4 /* Frameworks */ = {
			isa = PBXFrameworksBuildPhase;
			buildActionMask = 2147483647;
			files = (
			);
			runOnlyForDeploymentPostprocessing = 0;
		};
/* End PBXFrameworksBuildPhase section */

/* Begin PBXGroup section */
		65749A3722A706CF0013428C /* pdfs */ = {
			isa = PBXGroup;
			children = (
				65749A4122A707B70013428C /* 12_Sockets.pdf */,
				65749A4022A707B30013428C /* 5_Hilos_en_Android.pdf */,
				65749A3F22A707A50013428C /* 3 Estados y Metodos de Hilos en Java.pdf */,
			);
			path = pdfs;
			sourceTree = "<group>";
		};
		CE066EC9220F3FD10057E7D4 = {
			isa = PBXGroup;
			children = (
				CE066ED4220F3FD20057E7D4 /* ArchivosPdf */,
				CE066EE9220F3FD20057E7D4 /* ArchivosPdfTests */,
				CE066EF4220F3FD20057E7D4 /* ArchivosPdfUITests */,
				CE066ED3220F3FD20057E7D4 /* Products */,
			);
			sourceTree = "<group>";
		};
		CE066ED3220F3FD20057E7D4 /* Products */ = {
			isa = PBXGroup;
			children = (
				CE066ED2220F3FD20057E7D4 /* ArchivosPdf.app */,
				CE066EE6220F3FD20057E7D4 /* ArchivosPdfTests.xctest */,
				CE066EF1220F3FD20057E7D4 /* ArchivosPdfUITests.xctest */,
			);
			name = Products;
			sourceTree = "<group>";
		};
		CE066ED4220F3FD20057E7D4 /* ArchivosPdf */ = {
			isa = PBXGroup;
			children = (
				65749A3722A706CF0013428C /* pdfs */,
				CE066ED5220F3FD20057E7D4 /* AppDelegate.swift */,
				CE066ED7220F3FD20057E7D4 /* ViewController.swift */,
				CE066ED9220F3FD20057E7D4 /* Main.storyboard */,
				CE2152AF2228526500814C20 /* Celda.swift */,
				CE066F05220F5A350057E7D4 /* Vista3ViewController.swift */,
				CE066EDC220F3FD20057E7D4 /* Assets.xcassets */,
				CE066EDE220F3FD20057E7D4 /* LaunchScreen.storyboard */,
				CE066EE1220F3FD20057E7D4 /* Info.plist */,
			);
			path = ArchivosPdf;
			sourceTree = "<group>";
		};
		CE066EE9220F3FD20057E7D4 /* ArchivosPdfTests */ = {
			isa = PBXGroup;
			children = (
				CE066EEA220F3FD20057E7D4 /* ArchivosPdfTests.swift */,
				CE066EEC220F3FD20057E7D4 /* Info.plist */,
			);
			path = ArchivosPdfTests;
			sourceTree = "<group>";
		};
		CE066EF4220F3FD20057E7D4 /* ArchivosPdfUITests */ = {
			isa = PBXGroup;
			children = (
				CE066EF5220F3FD20057E7D4 /* ArchivosPdfUITests.swift */,
				CE066EF7220F3FD30057E7D4 /* Info.plist */,
			);
			path = ArchivosPdfUITests;
			sourceTree = "<group>";
		};
/* End PBXGroup section */

/* Begin PBXNativeTarget section */
		CE066ED1220F3FD10057E7D4 /* ArchivosPdf */ = {
			isa = PBXNativeTarget;
			buildConfigurationList = CE066EFA220F3FD30057E7D4 /* Build configuration list for PBXNativeTarget "ArchivosPdf" */;
			buildPhases = (
				CE066ECE220F3FD10057E7D4 /* Sources */,
				CE066ECF220F3FD10057E7D4 /* Frameworks */,
				CE066ED0220F3FD10057E7D4 /* Resources */,
			);
			buildRules = (
			);
			dependencies = (
			);
			name = ArchivosPdf;
			productName = ArchivosPdf;
			productReference = CE066ED2220F3FD20057E7D4 /* ArchivosPdf.app */;
			productType = "com.apple.product-type.application";
		};
		CE066EE5220F3FD20057E7D4 /* ArchivosPdfTests */ = {
			isa = PBXNativeTarget;
			buildConfigurationList = CE066EFD220F3FD30057E7D4 /* Build configuration list for PBXNativeTarget "ArchivosPdfTests" */;
			buildPhases = (
				CE066EE2220F3FD20057E7D4 /* Sources */,
				CE066EE3220F3FD20057E7D4 /* Frameworks */,
				CE066EE4220F3FD20057E7D4 /* Resources */,
			);
			buildRules = (
			);
			dependencies = (
				CE066EE8220F3FD20057E7D4 /* PBXTargetDependency */,
			);
			name = ArchivosPdfTests;
			productName = ArchivosPdfTests;
			productReference = CE066EE6220F3FD20057E7D4 /* ArchivosPdfTests.xctest */;
			productType = "com.apple.product-type.bundle.unit-test";
		};
		CE066EF0220F3FD20057E7D4 /* ArchivosPdfUITests */ = {
			isa = PBXNativeTarget;
			buildConfigurationList = CE066F00220F3FD30057E7D4 /* Build configuration list for PBXNativeTarget "ArchivosPdfUITests" */;
			buildPhases = (
				CE066EED220F3FD20057E7D4 /* Sources */,
				CE066EEE220F3FD20057E7D4 /* Frameworks */,
				CE066EEF220F3FD20057E7D4 /* Resources */,
			);
			buildRules = (
			);
			dependencies = (
				CE066EF3220F3FD20057E7D4 /* PBXTargetDependency */,
			);
			name = ArchivosPdfUITests;
			productName = ArchivosPdfUITests;
			productReference = CE066EF1220F3FD20057E7D4 /* ArchivosPdfUITests.xctest */;
			productType = "com.apple.product-type.bundle.ui-testing";
		};
/* End PBXNativeTarget section */

/* Begin PBXProject section */
		CE066ECA220F3FD10057E7D4 /* Project object */ = {
			isa = PBXProject;
			attributes = {
				LastSwiftUpdateCheck = 0920;
				LastUpgradeCheck = 0920;
				ORGANIZATIONNAME = User;
				TargetAttributes = {
					CE066ED1220F3FD10057E7D4 = {
						CreatedOnToolsVersion = 9.2;
						ProvisioningStyle = Automatic;
					};
					CE066EE5220F3FD20057E7D4 = {
						CreatedOnToolsVersion = 9.2;
						ProvisioningStyle = Automatic;
						TestTargetID = CE066ED1220F3FD10057E7D4;
					};
					CE066EF0220F3FD20057E7D4 = {
						CreatedOnToolsVersion = 9.2;
						ProvisioningStyle = Automatic;
						TestTargetID = CE066ED1220F3FD10057E7D4;
					};
				};
			};
			buildConfigurationList = CE066ECD220F3FD10057E7D4 /* Build configuration list for PBXProject "ArchivosPdf" */;
			compatibilityVersion = "Xcode 8.0";
			developmentRegion = en;
			hasScannedForEncodings = 0;
			knownRegions = (
				en,
				Base,
			);
			mainGroup = CE066EC9220F3FD10057E7D4;
			productRefGroup = CE066ED3220F3FD20057E7D4 /* Products */;
			projectDirPath = "";
			projectRoot = "";
			targets = (
				CE066ED1220F3FD10057E7D4 /* ArchivosPdf */,
				CE066EE5220F3FD20057E7D4 /* ArchivosPdfTests */,
				CE066EF0220F3FD20057E7D4 /* ArchivosPdfUITests */,
			);
		};
/* End PBXProject section */

/* Begin PBXResourcesBuildPhase section */
		CE066ED0220F3FD10057E7D4 /* Resources */ = {
			isa = PBXResourcesBuildPhase;
			buildActionMask = 2147483647;
			files = (
				CE066EE0220F3FD20057E7D4 /* LaunchScreen.storyboard in Resources */,
				CE066EDD220F3FD20057E7D4 /* Assets.xcassets in Resources */,
				CE066EDB220F3FD20057E7D4 /* Main.storyboard in Resources */,
			);
			runOnlyForDeploymentPostprocessing = 0;
		};
		CE066EE4220F3FD20057E7D4 /* Resources */ = {
			isa = PBXResourcesBuildPhase;
			buildActionMask = 2147483647;
			files = (
			);
			runOnlyForDeploymentPostprocessing = 0;
		};
		CE066EEF220F3FD20057E7D4 /* Resources */ = {
			isa = PBXResourcesBuildPhase;
			buildActionMask = 2147483647;
			files = (
			);
			runOnlyForDeploymentPostprocessing = 0;
		};
/* End PBXResourcesBuildPhase section */

/* Begin PBXSourcesBuildPhase section */
		CE066ECE220F3FD10057E7D4 /* Sources */ = {
			isa = PBXSourcesBuildPhase;
			buildActionMask = 2147483647;
			files = (
				CE066ED8220F3FD20057E7D4 /* ViewController.swift in Sources */,
				CE066ED6220F3FD20057E7D4 /* AppDelegate.swift in Sources */,
				CE066F06220F5A350057E7D4 /* Vista3ViewController.swift in Sources */,
				CE2152B02228526500814C20 /* Celda.swift in Sources */,
			);
			runOnlyForDeploymentPostprocessing = 0;
		};
		CE066EE2220F3FD20057E7D4 /* Sources */ = {
			isa = PBXSourcesBuildPhase;
			buildActionMask = 2147483647;
			files = (
				CE066EEB220F3FD20057E7D4 /* ArchivosPdfTests.swift in Sources */,
			);
			runOnlyForDeploymentPostprocessing = 0;
		};
		CE066EED220F3FD20057E7D4 /* Sources */ = {
			isa = PBXSourcesBuildPhase;
			buildActionMask = 2147483647;
			files = (
				CE066EF6220F3FD20057E7D4 /* ArchivosPdfUITests.swift in Sources */,
			);
			runOnlyForDeploymentPostprocessing = 0;
		};
/* End PBXSourcesBuildPhase section */

/* Begin PBXTargetDependency section */
		CE066EE8220F3FD20057E7D4 /* PBXTargetDependency */ = {
			isa = PBXTargetDependency;
			target = CE066ED1220F3FD10057E7D4 /* ArchivosPdf */;
			targetProxy = CE066EE7220F3FD20057E7D4 /* PBXContainerItemProxy */;
		};
		CE066EF3220F3FD20057E7D4 /* PBXTargetDependency */ = {
			isa = PBXTargetDependency;
			target = CE066ED1220F3FD10057E7D4 /* ArchivosPdf */;
			targetProxy = CE066EF2220F3FD20057E7D4 /* PBXContainerItemProxy */;
		};
/* End PBXTargetDependency section */

/* Begin PBXVariantGroup section */
		CE066ED9220F3FD20057E7D4 /* Main.storyboard */ = {
			isa = PBXVariantGroup;
			children = (
				CE066EDA220F3FD20057E7D4 /* Base */,
			);
			name = Main.storyboard;
			sourceTree = "<group>";
		};
		CE066EDE220F3FD20057E7D4 /* LaunchScreen.storyboard */ = {
			isa = PBXVariantGroup;
			children = (
				CE066EDF220F3FD20057E7D4 /* Base */,
			);
			name = LaunchScreen.storyboard;
			sourceTree = "<group>";
		};
/* End PBXVariantGroup section */

/* Begin XCBuildConfiguration section */
		CE066EF8220F3FD30057E7D4 /* Debug */ = {
			isa = XCBuildConfiguration;
			buildSettings = {
				ALWAYS_SEARCH_USER_PATHS = NO;
				CLANG_ANALYZER_NONNULL = YES;
				CLANG_ANALYZER_NUMBER_OBJECT_CONVERSION = YES_AGGRESSIVE;
				CLANG_CXX_LANGUAGE_STANDARD = "gnu++14";
				CLANG_CXX_LIBRARY = "libc++";
				CLANG_ENABLE_MODULES = YES;
				CLANG_ENABLE_OBJC_ARC = YES;
				CLANG_WARN_BLOCK_CAPTURE_AUTORELEASING = YES;
				CLANG_WARN_BOOL_CONVERSION = YES;
				CLANG_WARN_COMMA = YES;
				CLANG_WARN_CONSTANT_CONVERSION = YES;
				CLANG_WARN_DIRECT_OBJC_ISA_USAGE = YES_ERROR;
				CLANG_WARN_DOCUMENTATION_COMMENTS = YES;
				CLANG_WARN_EMPTY_BODY = YES;
				CLANG_WARN_ENUM_CONVERSION = YES;
				CLANG_WARN_INFINITE_RECURSION = YES;
				CLANG_WARN_INT_CONVERSION = YES;
				CLANG_WARN_NON_LITERAL_NULL_CONVERSION = YES;
				CLANG_WARN_OBJC_LITERAL_CONVERSION = YES;
				CLANG_WARN_OBJC_ROOT_CLASS = YES_ERROR;
				CLANG_WARN_RANGE_LOOP_ANALYSIS = YES;
				CLANG_WARN_STRICT_PROTOTYPES = YES;
				CLANG_WARN_SUSPICIOUS_MOVE = YES;
				CLANG_WARN_UNGUARDED_AVAILABILITY = YES_AGGRESSIVE;
				CLANG_WARN_UNREACHABLE_CODE = YES;
				CLANG_WARN__DUPLICATE_METHOD_MATCH = YES;
				CODE_SIGN_IDENTITY = "iPhone Developer";
				COPY_PHASE_STRIP = NO;
				DEBUG_INFORMATION_FORMAT = dwarf;
				ENABLE_STRICT_OBJC_MSGSEND = YES;
				ENABLE_TESTABILITY = YES;
				GCC_C_LANGUAGE_STANDARD = gnu11;
				GCC_DYNAMIC_NO_PIC = NO;
				GCC_NO_COMMON_BLOCKS = YES;
				GCC_OPTIMIZATION_LEVEL = 0;
				GCC_PREPROCESSOR_DEFINITIONS = (
					"DEBUG=1",
					"$(inherited)",
				);
				GCC_WARN_64_TO_32_BIT_CONVERSION = YES;
				GCC_WARN_ABOUT_RETURN_TYPE = YES_ERROR;
				GCC_WARN_UNDECLARED_SELECTOR = YES;
				GCC_WARN_UNINITIALIZED_AUTOS = YES_AGGRESSIVE;
				GCC_WARN_UNUSED_FUNCTION = YES;
				GCC_WARN_UNUSED_VARIABLE = YES;
				IPHONEOS_DEPLOYMENT_TARGET = 11.2;
				MTL_ENABLE_DEBUG_INFO = YES;
				ONLY_ACTIVE_ARCH = YES;
				SDKROOT = iphoneos;
				SWIFT_ACTIVE_COMPILATION_CONDITIONS = DEBUG;
				SWIFT_OPTIMIZATION_LEVEL = "-Onone";
			};
			name = Debug;
		};
		CE066EF9220F3FD30057E7D4 /* Release */ = {
			isa = XCBuildConfiguration;
			buildSettings = {
				ALWAYS_SEARCH_USER_PATHS = NO;
				CLANG_ANALYZER_NONNULL = YES;
				CLANG_ANALYZER_NUMBER_OBJECT_CONVERSION = YES_AGGRESSIVE;
				CLANG_CXX_LANGUAGE_STANDARD = "gnu++14";
				CLANG_CXX_LIBRARY = "libc++";
				CLANG_ENABLE_MODULES = YES;
				CLANG_ENABLE_OBJC_ARC = YES;
				CLANG_WARN_BLOCK_CAPTURE_AUTORELEASING = YES;
				CLANG_WARN_BOOL_CONVERSION = YES;
				CLANG_WARN_COMMA = YES;
				CLANG_WARN_CONSTANT_CONVERSION = YES;
				CLANG_WARN_DIRECT_OBJC_ISA_USAGE = YES_ERROR;
				CLANG_WARN_DOCUMENTATION_COMMENTS = YES;
				CLANG_WARN_EMPTY_BODY = YES;
				CLANG_WARN_ENUM_CONVERSION = YES;
				CLANG_WARN_INFINITE_RECURSION = YES;
				CLANG_WARN_INT_CONVERSION = YES;
				CLANG_WARN_NON_LITERAL_NULL_CONVERSION = YES;
				CLANG_WARN_OBJC_LITERAL_CONVERSION = YES;
				CLANG_WARN_OBJC_ROOT_CLASS = YES_ERROR;
				CLANG_WARN_RANGE_LOOP_ANALYSIS = YES;
				CLANG_WARN_STRICT_PROTOTYPES = YES;
				CLANG_WARN_SUSPICIOUS_MOVE = YES;
				CLANG_WARN_UNGUARDED_AVAILABILITY = YES_AGGRESSIVE;
				CLANG_WARN_UNREACHABLE_CODE = YES;
				CLANG_WARN__DUPLICATE_METHOD_MATCH = YES;
				CODE_SIGN_IDENTITY = "iPhone Developer";
				COPY_PHASE_STRIP = NO;
				DEBUG_INFORMATION_FORMAT = "dwarf-with-dsym";
				ENABLE_NS_ASSERTIONS = NO;
				ENABLE_STRICT_OBJC_MSGSEND = YES;
				GCC_C_LANGUAGE_STANDARD = gnu11;
				GCC_NO_COMMON_BLOCKS = YES;
				GCC_WARN_64_TO_32_BIT_CONVERSION = YES;
				GCC_WARN_ABOUT_RETURN_TYPE = YES_ERROR;
				GCC_WARN_UNDECLARED_SELECTOR = YES;
				GCC_WARN_UNINITIALIZED_AUTOS = YES_AGGRESSIVE;
				GCC_WARN_UNUSED_FUNCTION = YES;
				GCC_WARN_UNUSED_VARIABLE = YES;
				IPHONEOS_DEPLOYMENT_TARGET = 11.2;
				MTL_ENABLE_DEBUG_INFO = NO;
				SDKROOT = iphoneos;
				SWIFT_OPTIMIZATION_LEVEL = "-Owholemodule";
				VALIDATE_PRODUCT = YES;
			};
			name = Release;
		};
		CE066EFB220F3FD30057E7D4 /* Debug */ = {
			isa = XCBuildConfiguration;
			buildSettings = {
				ASSETCATALOG_COMPILER_APPICON_NAME = AppIcon;
				CODE_SIGN_STYLE = Automatic;
				INFOPLIST_FILE = ArchivosPdf/Info.plist;
				LD_RUNPATH_SEARCH_PATHS = "$(inherited) @executable_path/Frameworks";
				PRODUCT_BUNDLE_IDENTIFIER = izv.ArchivosPdf;
				PRODUCT_NAME = "$(TARGET_NAME)";
				SWIFT_VERSION = 4.0;
				TARGETED_DEVICE_FAMILY = "1,2";
			};
			name = Debug;
		};
		CE066EFC220F3FD30057E7D4 /* Release */ = {
			isa = XCBuildConfiguration;
			buildSettings = {
				ASSETCATALOG_COMPILER_APPICON_NAME = AppIcon;
				CODE_SIGN_STYLE = Automatic;
				INFOPLIST_FILE = ArchivosPdf/Info.plist;
				LD_RUNPATH_SEARCH_PATHS = "$(inherited) @executable_path/Frameworks";
				PRODUCT_BUNDLE_IDENTIFIER = izv.ArchivosPdf;
				PRODUCT_NAME = "$(TARGET_NAME)";
				SWIFT_VERSION = 4.0;
				TARGETED_DEVICE_FAMILY = "1,2";
			};
			name = Release;
		};
		CE066EFE220F3FD30057E7D4 /* Debug */ = {
			isa = XCBuildConfiguration;
			buildSettings = {
				ALWAYS_EMBED_SWIFT_STANDARD_LIBRARIES = YES;
				BUNDLE_LOADER = "$(TEST_HOST)";
				CODE_SIGN_STYLE = Automatic;
				INFOPLIST_FILE = ArchivosPdfTests/Info.plist;
				LD_RUNPATH_SEARCH_PATHS = "$(inherited) @executable_path/Frameworks @loader_path/Frameworks";
				PRODUCT_BUNDLE_IDENTIFIER = izv.ArchivosPdfTests;
				PRODUCT_NAME = "$(TARGET_NAME)";
				SWIFT_VERSION = 4.0;
				TARGETED_DEVICE_FAMILY = "1,2";
				TEST_HOST = "$(BUILT_PRODUCTS_DIR)/ArchivosPdf.app/ArchivosPdf";
			};
			name = Debug;
		};
		CE066EFF220F3FD30057E7D4 /* Release */ = {
			isa = XCBuildConfiguration;
			buildSettings = {
				ALWAYS_EMBED_SWIFT_STANDARD_LIBRARIES = YES;
				BUNDLE_LOADER = "$(TEST_HOST)";
				CODE_SIGN_STYLE = Automatic;
				INFOPLIST_FILE = ArchivosPdfTests/Info.plist;
				LD_RUNPATH_SEARCH_PATHS = "$(inherited) @executable_path/Frameworks @loader_path/Frameworks";
				PRODUCT_BUNDLE_IDENTIFIER = izv.ArchivosPdfTests;
				PRODUCT_NAME = "$(TARGET_NAME)";
				SWIFT_VERSION = 4.0;
				TARGETED_DEVICE_FAMILY = "1,2";
				TEST_HOST = "$(BUILT_PRODUCTS_DIR)/ArchivosPdf.app/ArchivosPdf";
			};
			name = Release;
		};
		CE066F01220F3FD30057E7D4 /* Debug */ = {
			isa = XCBuildConfiguration;
			buildSettings = {
				ALWAYS_EMBED_SWIFT_STANDARD_LIBRARIES = YES;
				CODE_SIGN_STYLE = Automatic;
				INFOPLIST_FILE = ArchivosPdfUITests/Info.plist;
				LD_RUNPATH_SEARCH_PATHS = "$(inherited) @executable_path/Frameworks @loader_path/Frameworks";
				PRODUCT_BUNDLE_IDENTIFIER = izv.ArchivosPdfUITests;
				PRODUCT_NAME = "$(TARGET_NAME)";
				SWIFT_VERSION = 4.0;
				TARGETED_DEVICE_FAMILY = "1,2";
				TEST_TARGET_NAME = ArchivosPdf;
			};
			name = Debug;
		};
		CE066F02220F3FD30057E7D4 /* Release */ = {
			isa = XCBuildConfiguration;
			buildSettings = {
				ALWAYS_EMBED_SWIFT_STANDARD_LIBRARIES = YES;
				CODE_SIGN_STYLE = Automatic;
				INFOPLIST_FILE = ArchivosPdfUITests/Info.plist;
				LD_RUNPATH_SEARCH_PATHS = "$(inherited) @executable_path/Frameworks @loader_path/Frameworks";
				PRODUCT_BUNDLE_IDENTIFIER = izv.ArchivosPdfUITests;
				PRODUCT_NAME = "$(TARGET_NAME)";
				SWIFT_VERSION = 4.0;
				TARGETED_DEVICE_FAMILY = "1,2";
				TEST_TARGET_NAME = ArchivosPdf;
			};
			name = Release;
		};
/* End XCBuildConfiguration section */

/* Begin XCConfigurationList section */
		CE066ECD220F3FD10057E7D4 /* Build configuration list for PBXProject "ArchivosPdf" */ = {
			isa = XCConfigurationList;
			buildConfigurations = (
				CE066EF8220F3FD30057E7D4 /* Debug */,
				CE066EF9220F3FD30057E7D4 /* Release */,
			);
			defaultConfigurationIsVisible = 0;
			defaultConfigurationName = Release;
		};
		CE066EFA220F3FD30057E7D4 /* Build configuration list for PBXNativeTarget "ArchivosPdf" */ = {
			isa = XCConfigurationList;
			buildConfigurations = (
				CE066EFB220F3FD30057E7D4 /* Debug */,
				CE066EFC220F3FD30057E7D4 /* Release */,
			);
			defaultConfigurationIsVisible = 0;
			defaultConfigurationName = Release;
		};
		CE066EFD220F3FD30057E7D4 /* Build configuration list for PBXNativeTarget "ArchivosPdfTests" */ = {
			isa = XCConfigurationList;
			buildConfigurations = (
				CE066EFE220F3FD30057E7D4 /* Debug */,
				CE066EFF220F3FD30057E7D4 /* Release */,
			);
			defaultConfigurationIsVisible = 0;
			defaultConfigurationName = Release;
		};
		CE066F00220F3FD30057E7D4 /* Build configuration list for PBXNativeTarget "ArchivosPdfUITests" */ = {
			isa = XCConfigurationList;
			buildConfigurations = (
				CE066F01220F3FD30057E7D4 /* Debug */,
				CE066F02220F3FD30057E7D4 /* Release */,
			);
			defaultConfigurationIsVisible = 0;
			defaultConfigurationName = Release;
		};
/* End XCConfigurationList section */
	};
	rootObject = CE066ECA220F3FD10057E7D4 /* Project object */;
}
